
Microsoft Visual Studio Solution File, Format Version 12.00
# Visual Studio 15
VisualStudioVersion = 15.0.28307.136
MinimumVisualStudioVersion = 10.0.40219.1
Project("{FAE04EC0-301F-11D3-BF4B-00C04F79EFBC}") = "CashMachine", "CashMachine\CashMachine.csproj", "{07714C37-5DCA-4DEE-97F4-BF6004793FCA}"
EndProject
Global
	GlobalSection(SolutionConfigurationPlatforms) = preSolution
		Debug|Any CPU = Debug|Any CPU
		Release|Any CPU = Release|Any CPU
	EndGlobalSection
	GlobalSection(ProjectConfigurationPlatforms) = postSolution
		{07714C37-5DCA-4DEE-97F4-BF6004793FCA}.Debug|Any CPU.ActiveCfg = Debug|Any CPU
		{07714C37-5DCA-4DEE-97F4-BF6004793FCA}.Debug|Any CPU.Build.0 = Debug|Any CPU
		{07714C37-5DCA-4DEE-97F4-BF6004793FCA}.Release|Any CPU.ActiveCfg = Release|Any CPU
		{07714C37-5DCA-4DEE-97F4-BF6004793FCA}.Release|Any CPU.Build.0 = Release|Any CPU
	EndGlobalSection
	GlobalSection(SolutionProperties) = preSolution
		HideSolutionNode = FALSE
	EndGlobalSection
	GlobalSection(ExtensibilityGlobals) = postSolution
		SolutionGuid = {061170EA-A122-4E91-ADF9-772155BCBA71}
	EndGlobalSection
EndGlobal
